
Microsoft Visual Studio Solution File, Format Version 12.00
# Visual Studio Version 16
VisualStudioVersion = 16.0.28803.452
MinimumVisualStudioVersion = 10.0.40219.1
Project("{FAE04EC0-301F-11D3-BF4B-00C04F79EFBC}") = "MAS_PROJECT_WF", "MAS_PROJECT_WF.csproj", "{E470B478-24F4-4738-80BB-1E7B2A54EC45}"
EndProject
Global
	GlobalSection(SolutionConfigurationPlatforms) = preSolution
		Debug|Any CPU = Debug|Any CPU
		Release|Any CPU = Release|Any CPU
	EndGlobalSection
	GlobalSection(ProjectConfigurationPlatforms) = postSolution
		{E470B478-24F4-4738-80BB-1E7B2A54EC45}.Debug|Any CPU.ActiveCfg = Debug|Any CPU
		{E470B478-24F4-4738-80BB-1E7B2A54EC45}.Debug|Any CPU.Build.0 = Debug|Any CPU
		{E470B478-24F4-4738-80BB-1E7B2A54EC45}.Release|Any CPU.ActiveCfg = Release|Any CPU
		{E470B478-24F4-4738-80BB-1E7B2A54EC45}.Release|Any CPU.Build.0 = Release|Any CPU
	EndGlobalSection
	GlobalSection(SolutionProperties) = preSolution
		HideSolutionNode = FALSE
	EndGlobalSection
	GlobalSection(ExtensibilityGlobals) = postSolution
		SolutionGuid = {70B5F175-E10D-49ED-883A-4651B56528B6}
	EndGlobalSection
EndGlobal
